
Microsoft Visual Studio Solution File, Format Version 12.00
# Visual Studio Version 17
VisualStudioVersion = 17.1.32407.343
MinimumVisualStudioVersion = 10.0.40219.1
Project("{FAE04EC0-301F-11D3-BF4B-00C04F79EFBC}") = "MVVM", "MVVM\MVVM.csproj", "{46426480-EE36-44C4-8FB0-8115EEF1717F}"
EndProject
Project("{FAE04EC0-301F-11D3-BF4B-00C04F79EFBC}") = "DataLayer", "DataLayer\DataLayer.csproj", "{1821977E-057F-41B5-A6D0-7AD14BA1345E}"
EndProject
Project("{FAE04EC0-301F-11D3-BF4B-00C04F79EFBC}") = "Service", "AbstractService\Service.csproj", "{948DE96C-A9C5-48C1-B412-87F63DE2A4B2}"
EndProject
Project("{FAE04EC0-301F-11D3-BF4B-00C04F79EFBC}") = "DataLayerTests", "UnitTests\DataLayerTests.csproj", "{1D209C9D-1B33-4F0A-A79E-961F4FE10BBA}"
EndProject
Project("{FAE04EC0-301F-11D3-BF4B-00C04F79EFBC}") = "PresentationLayerTests", "PresentationLayerTests\PresentationLayerTests.csproj", "{7D411688-727B-41A0-9181-04C080F00DB4}"
EndProject
Project("{FAE04EC0-301F-11D3-BF4B-00C04F79EFBC}") = "ServiceTests", "ServiceTests\ServiceTests.csproj", "{7849A6AD-CE37-49B6-879C-00A0A0E32430}"
EndProject
Global
	GlobalSection(SolutionConfigurationPlatforms) = preSolution
		Debug|Any CPU = Debug|Any CPU
		Release|Any CPU = Release|Any CPU
	EndGlobalSection
	GlobalSection(ProjectConfigurationPlatforms) = postSolution
		{46426480-EE36-44C4-8FB0-8115EEF1717F}.Debug|Any CPU.ActiveCfg = Debug|Any CPU
		{46426480-EE36-44C4-8FB0-8115EEF1717F}.Debug|Any CPU.Build.0 = Debug|Any CPU
		{46426480-EE36-44C4-8FB0-8115EEF1717F}.Release|Any CPU.ActiveCfg = Release|Any CPU
		{46426480-EE36-44C4-8FB0-8115EEF1717F}.Release|Any CPU.Build.0 = Release|Any CPU
		{1821977E-057F-41B5-A6D0-7AD14BA1345E}.Debug|Any CPU.ActiveCfg = Debug|Any CPU
		{1821977E-057F-41B5-A6D0-7AD14BA1345E}.Debug|Any CPU.Build.0 = Debug|Any CPU
		{1821977E-057F-41B5-A6D0-7AD14BA1345E}.Release|Any CPU.ActiveCfg = Release|Any CPU
		{1821977E-057F-41B5-A6D0-7AD14BA1345E}.Release|Any CPU.Build.0 = Release|Any CPU
		{948DE96C-A9C5-48C1-B412-87F63DE2A4B2}.Debug|Any CPU.ActiveCfg = Debug|Any CPU
		{948DE96C-A9C5-48C1-B412-87F63DE2A4B2}.Debug|Any CPU.Build.0 = Debug|Any CPU
		{948DE96C-A9C5-48C1-B412-87F63DE2A4B2}.Release|Any CPU.ActiveCfg = Release|Any CPU
		{948DE96C-A9C5-48C1-B412-87F63DE2A4B2}.Release|Any CPU.Build.0 = Release|Any CPU
		{1D209C9D-1B33-4F0A-A79E-961F4FE10BBA}.Debug|Any CPU.ActiveCfg = Debug|Any CPU
		{1D209C9D-1B33-4F0A-A79E-961F4FE10BBA}.Debug|Any CPU.Build.0 = Debug|Any CPU
		{1D209C9D-1B33-4F0A-A79E-961F4FE10BBA}.Release|Any CPU.ActiveCfg = Release|Any CPU
		{1D209C9D-1B33-4F0A-A79E-961F4FE10BBA}.Release|Any CPU.Build.0 = Release|Any CPU
		{7D411688-727B-41A0-9181-04C080F00DB4}.Debug|Any CPU.ActiveCfg = Debug|Any CPU
		{7D411688-727B-41A0-9181-04C080F00DB4}.Debug|Any CPU.Build.0 = Debug|Any CPU
		{7D411688-727B-41A0-9181-04C080F00DB4}.Release|Any CPU.ActiveCfg = Release|Any CPU
		{7D411688-727B-41A0-9181-04C080F00DB4}.Release|Any CPU.Build.0 = Release|Any CPU
		{7849A6AD-CE37-49B6-879C-00A0A0E32430}.Debug|Any CPU.ActiveCfg = Debug|Any CPU
		{7849A6AD-CE37-49B6-879C-00A0A0E32430}.Debug|Any CPU.Build.0 = Debug|Any CPU
		{7849A6AD-CE37-49B6-879C-00A0A0E32430}.Release|Any CPU.ActiveCfg = Release|Any CPU
		{7849A6AD-CE37-49B6-879C-00A0A0E32430}.Release|Any CPU.Build.0 = Release|Any CPU
	EndGlobalSection
	GlobalSection(SolutionProperties) = preSolution
		HideSolutionNode = FALSE
	EndGlobalSection
	GlobalSection(ExtensibilityGlobals) = postSolution
		SolutionGuid = {8EBC8D42-3B64-474F-9180-FA2B65F23EC9}
	EndGlobalSection
EndGlobal
