
Microsoft Visual Studio Solution File, Format Version 12.00
# Visual Studio Version 17
VisualStudioVersion = 17.1.32407.343
MinimumVisualStudioVersion = 10.0.40219.1
Project("{FAE04EC0-301F-11D3-BF4B-00C04F79EFBC}") = "MVVM", "MVVM\MVVM.csproj", "{46426480-EE36-44C4-8FB0-8115EEF1717F}"
EndProject
Project("{9A19103F-16F7-4668-BE54-9A1E7A4F7556}") = "ServicesLayer", "ServicesLayer\ServicesLayer.csproj", "{B0E66BA8-3A4E-414A-BB41-2C9B90DEA495}"
EndProject
Project("{FAE04EC0-301F-11D3-BF4B-00C04F79EFBC}") = "DataLayer", "DataLayer\DataLayer.csproj", "{1821977E-057F-41B5-A6D0-7AD14BA1345E}"
EndProject
Global
	GlobalSection(SolutionConfigurationPlatforms) = preSolution
		Debug|Any CPU = Debug|Any CPU
		Release|Any CPU = Release|Any CPU
	EndGlobalSection
	GlobalSection(ProjectConfigurationPlatforms) = postSolution
		{46426480-EE36-44C4-8FB0-8115EEF1717F}.Debug|Any CPU.ActiveCfg = Debug|Any CPU
		{46426480-EE36-44C4-8FB0-8115EEF1717F}.Debug|Any CPU.Build.0 = Debug|Any CPU
		{46426480-EE36-44C4-8FB0-8115EEF1717F}.Release|Any CPU.ActiveCfg = Release|Any CPU
		{46426480-EE36-44C4-8FB0-8115EEF1717F}.Release|Any CPU.Build.0 = Release|Any CPU
		{B0E66BA8-3A4E-414A-BB41-2C9B90DEA495}.Debug|Any CPU.ActiveCfg = Debug|Any CPU
		{B0E66BA8-3A4E-414A-BB41-2C9B90DEA495}.Debug|Any CPU.Build.0 = Debug|Any CPU
		{B0E66BA8-3A4E-414A-BB41-2C9B90DEA495}.Release|Any CPU.ActiveCfg = Release|Any CPU
		{B0E66BA8-3A4E-414A-BB41-2C9B90DEA495}.Release|Any CPU.Build.0 = Release|Any CPU
		{1821977E-057F-41B5-A6D0-7AD14BA1345E}.Debug|Any CPU.ActiveCfg = Debug|Any CPU
		{1821977E-057F-41B5-A6D0-7AD14BA1345E}.Debug|Any CPU.Build.0 = Debug|Any CPU
		{1821977E-057F-41B5-A6D0-7AD14BA1345E}.Release|Any CPU.ActiveCfg = Release|Any CPU
		{1821977E-057F-41B5-A6D0-7AD14BA1345E}.Release|Any CPU.Build.0 = Release|Any CPU
	EndGlobalSection
	GlobalSection(SolutionProperties) = preSolution
		HideSolutionNode = FALSE
	EndGlobalSection
	GlobalSection(ExtensibilityGlobals) = postSolution
		SolutionGuid = {8EBC8D42-3B64-474F-9180-FA2B65F23EC9}
	EndGlobalSection
EndGlobal
